<?xml version="1.0" encoding="utf-8"?>
<Project ToolsVersion="4.0" xmlns="http://schemas.microsoft.com/developer/msbuild/2003">
  <ItemGroup>
    <Filter Include="core">
      <UniqueIdentifier>{4E40957C-3A77-960D-E363-7C10CF79120F}</UniqueIdentifier>
    </Filter>
    <Filter Include="imgui">
      <UniqueIdentifier>{0098A80F-6CAC-D0C0-352E-7420A101CDF1}</UniqueIdentifier>
    </Filter>
  </ItemGroup>
  <ItemGroup>
    <ClInclude Include="src\core\App.h">
      <Filter>core</Filter>
    </ClInclude>
    <ClInclude Include="src\core\Base.h">
      <Filter>core</Filter>
    </ClInclude>
    <ClInclude Include="src\core\GeneratePremakeFile.h">
      <Filter>core</Filter>
    </ClInclude>
    <ClInclude Include="src\core\Log.h">
      <Filter>core</Filter>
    </ClInclude>
    <ClInclude Include="src\core\Window.h">
      <Filter>core</Filter>
    </ClInclude>
    <ClInclude Include="src\imgui\ImGuiAPI.h">
      <Filter>imgui</Filter>
    </ClInclude>
  </ItemGroup>
  <ItemGroup>
    <ClCompile Include="src\core\App.cpp">
      <Filter>core</Filter>
    </ClCompile>
    <ClCompile Include="src\core\GeneratePremakeFile.cpp">
      <Filter>core</Filter>
    </ClCompile>
    <ClCompile Include="src\core\Log.cpp">
      <Filter>core</Filter>
    </ClCompile>
    <ClCompile Include="src\core\Window.cpp">
      <Filter>core</Filter>
    </ClCompile>
    <ClCompile Include="src\core\main.cpp">
      <Filter>core</Filter>
    </ClCompile>
    <ClCompile Include="src\imgui\ImGuiAPI.cpp">
      <Filter>imgui</Filter>
    </ClCompile>
    <ClCompile Include="src\imgui\ImGuiBuild.cpp">
      <Filter>imgui</Filter>
    </ClCompile>
  </ItemGroup>
</Project>